
Microsoft Visual Studio Solution File, Format Version 12.00
# Visual Studio Version 17
VisualStudioVersion = 17.1.32421.90
MinimumVisualStudioVersion = 10.0.40219.1
Project("{9A19103F-16F7-4668-BE54-9A1E7A4F7556}") = "LeetCode", "LeetCode\LeetCode.csproj", "{486FB441-DB91-49F2-AA33-04B3A1B6618F}"
EndProject
Project("{9A19103F-16F7-4668-BE54-9A1E7A4F7556}") = "13. Roman to Integer", "13. Roman to Integer\13. Roman to Integer.csproj", "{334EA95C-F7C9-47CA-BE28-2C0E3775ADB5}"
EndProject
Project("{9A19103F-16F7-4668-BE54-9A1E7A4F7556}") = "12. Integer to Roman", "12. Integer to Roman\12. Integer to Roman.csproj", "{76A56513-9822-4F17-88FE-EB53692D610A}"
EndProject
Project("{9A19103F-16F7-4668-BE54-9A1E7A4F7556}") = "1379. Find a Corresponding Node of a Binary Tree in a Clone of That Tree", "1379. Find a Corresponding Node of a Binary Tree in a Clone of That Tree\1379. Find a Corresponding Node of a Binary Tree in a Clone of That Tree.csproj", "{1FA94FC7-8611-44F3-B7B5-FB0011D606D1}"
EndProject
Project("{9A19103F-16F7-4668-BE54-9A1E7A4F7556}") = "234. Palindrome Linked List", "234. Palindrome Linked List\234. Palindrome Linked List.csproj", "{7B636015-0110-4233-8561-4A1086F6113F}"
EndProject
Project("{9A19103F-16F7-4668-BE54-9A1E7A4F7556}") = "206. Reverse Linked List", "206. Reverse Linked List\206. Reverse Linked List.csproj", "{07CE324D-4649-487D-A080-ABC19655F4C9}"
EndProject
Project("{9A19103F-16F7-4668-BE54-9A1E7A4F7556}") = "383. Ransom Note", "383. Ransom Note\383. Ransom Note.csproj", "{B6E99C65-E1B8-4575-9FA9-64D7636FFFEA}"
EndProject
Project("{FAE04EC0-301F-11D3-BF4B-00C04F79EFBC}") = "412. Fizz Buzz", "412. Fizz Buzz\412. Fizz Buzz.csproj", "{86890285-AD43-4257-8AA9-BB6EB87C1166}"
EndProject
Project("{FAE04EC0-301F-11D3-BF4B-00C04F79EFBC}") = "876. Middle of the Linked List", "876. Middle of the Linked List\876. Middle of the Linked List.csproj", "{F9FA7E29-C937-4EFB-8ACF-AB24E1E16D81}"
EndProject
Global
	GlobalSection(SolutionConfigurationPlatforms) = preSolution
		Debug|Any CPU = Debug|Any CPU
		Release|Any CPU = Release|Any CPU
	EndGlobalSection
	GlobalSection(ProjectConfigurationPlatforms) = postSolution
		{486FB441-DB91-49F2-AA33-04B3A1B6618F}.Debug|Any CPU.ActiveCfg = Debug|Any CPU
		{486FB441-DB91-49F2-AA33-04B3A1B6618F}.Debug|Any CPU.Build.0 = Debug|Any CPU
		{486FB441-DB91-49F2-AA33-04B3A1B6618F}.Release|Any CPU.ActiveCfg = Release|Any CPU
		{486FB441-DB91-49F2-AA33-04B3A1B6618F}.Release|Any CPU.Build.0 = Release|Any CPU
		{334EA95C-F7C9-47CA-BE28-2C0E3775ADB5}.Debug|Any CPU.ActiveCfg = Debug|Any CPU
		{334EA95C-F7C9-47CA-BE28-2C0E3775ADB5}.Debug|Any CPU.Build.0 = Debug|Any CPU
		{334EA95C-F7C9-47CA-BE28-2C0E3775ADB5}.Release|Any CPU.ActiveCfg = Release|Any CPU
		{334EA95C-F7C9-47CA-BE28-2C0E3775ADB5}.Release|Any CPU.Build.0 = Release|Any CPU
		{76A56513-9822-4F17-88FE-EB53692D610A}.Debug|Any CPU.ActiveCfg = Debug|Any CPU
		{76A56513-9822-4F17-88FE-EB53692D610A}.Debug|Any CPU.Build.0 = Debug|Any CPU
		{76A56513-9822-4F17-88FE-EB53692D610A}.Release|Any CPU.ActiveCfg = Release|Any CPU
		{76A56513-9822-4F17-88FE-EB53692D610A}.Release|Any CPU.Build.0 = Release|Any CPU
		{1FA94FC7-8611-44F3-B7B5-FB0011D606D1}.Debug|Any CPU.ActiveCfg = Debug|Any CPU
		{1FA94FC7-8611-44F3-B7B5-FB0011D606D1}.Debug|Any CPU.Build.0 = Debug|Any CPU
		{1FA94FC7-8611-44F3-B7B5-FB0011D606D1}.Release|Any CPU.ActiveCfg = Release|Any CPU
		{1FA94FC7-8611-44F3-B7B5-FB0011D606D1}.Release|Any CPU.Build.0 = Release|Any CPU
		{7B636015-0110-4233-8561-4A1086F6113F}.Debug|Any CPU.ActiveCfg = Debug|Any CPU
		{7B636015-0110-4233-8561-4A1086F6113F}.Debug|Any CPU.Build.0 = Debug|Any CPU
		{7B636015-0110-4233-8561-4A1086F6113F}.Release|Any CPU.ActiveCfg = Release|Any CPU
		{7B636015-0110-4233-8561-4A1086F6113F}.Release|Any CPU.Build.0 = Release|Any CPU
		{07CE324D-4649-487D-A080-ABC19655F4C9}.Debug|Any CPU.ActiveCfg = Debug|Any CPU
		{07CE324D-4649-487D-A080-ABC19655F4C9}.Debug|Any CPU.Build.0 = Debug|Any CPU
		{07CE324D-4649-487D-A080-ABC19655F4C9}.Release|Any CPU.ActiveCfg = Release|Any CPU
		{07CE324D-4649-487D-A080-ABC19655F4C9}.Release|Any CPU.Build.0 = Release|Any CPU
		{B6E99C65-E1B8-4575-9FA9-64D7636FFFEA}.Debug|Any CPU.ActiveCfg = Debug|Any CPU
		{B6E99C65-E1B8-4575-9FA9-64D7636FFFEA}.Debug|Any CPU.Build.0 = Debug|Any CPU
		{B6E99C65-E1B8-4575-9FA9-64D7636FFFEA}.Release|Any CPU.ActiveCfg = Release|Any CPU
		{B6E99C65-E1B8-4575-9FA9-64D7636FFFEA}.Release|Any CPU.Build.0 = Release|Any CPU
		{86890285-AD43-4257-8AA9-BB6EB87C1166}.Debug|Any CPU.ActiveCfg = Debug|Any CPU
		{86890285-AD43-4257-8AA9-BB6EB87C1166}.Debug|Any CPU.Build.0 = Debug|Any CPU
		{86890285-AD43-4257-8AA9-BB6EB87C1166}.Release|Any CPU.ActiveCfg = Release|Any CPU
		{86890285-AD43-4257-8AA9-BB6EB87C1166}.Release|Any CPU.Build.0 = Release|Any CPU
		{F9FA7E29-C937-4EFB-8ACF-AB24E1E16D81}.Debug|Any CPU.ActiveCfg = Debug|Any CPU
		{F9FA7E29-C937-4EFB-8ACF-AB24E1E16D81}.Debug|Any CPU.Build.0 = Debug|Any CPU
		{F9FA7E29-C937-4EFB-8ACF-AB24E1E16D81}.Release|Any CPU.ActiveCfg = Release|Any CPU
		{F9FA7E29-C937-4EFB-8ACF-AB24E1E16D81}.Release|Any CPU.Build.0 = Release|Any CPU
	EndGlobalSection
	GlobalSection(SolutionProperties) = preSolution
		HideSolutionNode = FALSE
	EndGlobalSection
	GlobalSection(ExtensibilityGlobals) = postSolution
		SolutionGuid = {86D69043-5234-4D37-BAE5-FCC3E29C29D8}
	EndGlobalSection
EndGlobal
