
Microsoft Visual Studio Solution File, Format Version 12.00
# Visual Studio Version 17
VisualStudioVersion = 17.1.32421.90
MinimumVisualStudioVersion = 10.0.40219.1
Project("{9A19103F-16F7-4668-BE54-9A1E7A4F7556}") = "LeetCode", "LeetCode\LeetCode.csproj", "{486FB441-DB91-49F2-AA33-04B3A1B6618F}"
EndProject
Project("{9A19103F-16F7-4668-BE54-9A1E7A4F7556}") = "13. Roman to Integer", "13. Roman to Integer\13. Roman to Integer.csproj", "{334EA95C-F7C9-47CA-BE28-2C0E3775ADB5}"
EndProject
Project("{9A19103F-16F7-4668-BE54-9A1E7A4F7556}") = "12. Integer to Roman", "12. Integer to Roman\12. Integer to Roman.csproj", "{76A56513-9822-4F17-88FE-EB53692D610A}"
EndProject
Project("{9A19103F-16F7-4668-BE54-9A1E7A4F7556}") = "1379. Find a Corresponding Node of a Binary Tree in a Clone of That Tree", "1379. Find a Corresponding Node of a Binary Tree in a Clone of That Tree\1379. Find a Corresponding Node of a Binary Tree in a Clone of That Tree.csproj", "{1FA94FC7-8611-44F3-B7B5-FB0011D606D1}"
EndProject
Project("{9A19103F-16F7-4668-BE54-9A1E7A4F7556}") = "234. Palindrome Linked List", "234. Palindrome Linked List\234. Palindrome Linked List.csproj", "{7B636015-0110-4233-8561-4A1086F6113F}"
EndProject
Project("{9A19103F-16F7-4668-BE54-9A1E7A4F7556}") = "206. Reverse Linked List", "206. Reverse Linked List\206. Reverse Linked List.csproj", "{07CE324D-4649-487D-A080-ABC19655F4C9}"
EndProject
Project("{9A19103F-16F7-4668-BE54-9A1E7A4F7556}") = "383. Ransom Note", "383. Ransom Note\383. Ransom Note.csproj", "{B6E99C65-E1B8-4575-9FA9-64D7636FFFEA}"
EndProject
Project("{9A19103F-16F7-4668-BE54-9A1E7A4F7556}") = "412. Fizz Buzz", "412. Fizz Buzz\412. Fizz Buzz.csproj", "{86890285-AD43-4257-8AA9-BB6EB87C1166}"
EndProject
Project("{9A19103F-16F7-4668-BE54-9A1E7A4F7556}") = "876. Middle of the Linked List", "876. Middle of the Linked List\876. Middle of the Linked List.csproj", "{F9FA7E29-C937-4EFB-8ACF-AB24E1E16D81}"
EndProject
Project("{9A19103F-16F7-4668-BE54-9A1E7A4F7556}") = "1337. The K Weakest Rows in a Matrix", "1337. The K Weakest Rows in a Matrix\1337. The K Weakest Rows in a Matrix.csproj", "{1DB09E77-BC1A-410F-88CA-2D1DF0AA81C8}"
EndProject
Project("{9A19103F-16F7-4668-BE54-9A1E7A4F7556}") = "1342. Number of Steps to Reduce a Number to Zero", "1342. Number of Steps to Reduce a Number to Zero\1342. Number of Steps to Reduce a Number to Zero.csproj", "{4BE1F6BD-5011-4C45-9D72-11067A0B7909}"
EndProject
Project("{9A19103F-16F7-4668-BE54-9A1E7A4F7556}") = "1672. Richest Customer Wealth", "1672. Richest Customer Wealth\1672. Richest Customer Wealth.csproj", "{92A8059D-C77A-4A1E-BBEF-9EDE2CA6F260}"
EndProject
Project("{9A19103F-16F7-4668-BE54-9A1E7A4F7556}") = "1480. Running Sum of 1d Array", "1480. Running Sum of 1d Array\1480. Running Sum of 1d Array.csproj", "{06B2767C-A0E7-4BD2-8B9C-943F7F68814F}"
EndProject
Project("{9A19103F-16F7-4668-BE54-9A1E7A4F7556}") = "724. Find Pivot Index", "724. Find Pivot Index\724. Find Pivot Index.csproj", "{04228242-9699-4FF8-A224-FEE946946FA8}"
EndProject
Project("{9A19103F-16F7-4668-BE54-9A1E7A4F7556}") = "792. Number of Matching Subsequences", "792. Number of Matching Subsequences\792. Number of Matching Subsequences.csproj", "{15ECBC52-6498-432C-9BD0-DFA90B7C2FF8}"
EndProject
Project("{9A19103F-16F7-4668-BE54-9A1E7A4F7556}") = "53. Maximum Subarray", "53. Maximum Subarray\53. Maximum Subarray.csproj", "{9D7BC65F-CFF7-4D60-B25B-94C0B43CFAC7}"
EndProject
Project("{9A19103F-16F7-4668-BE54-9A1E7A4F7556}") = "416. Partition Equal Subset Sum", "416. Partition Equal Subset Sum\416. Partition Equal Subset Sum.csproj", "{DCF6566A-B906-44DF-9632-71591DF5F88E}"
EndProject
Project("{9A19103F-16F7-4668-BE54-9A1E7A4F7556}") = "51. N-Queens", "51. N-Queens\51. N-Queens.csproj", "{DCCF5295-BC65-4AE9-8C24-9184C5C9114F}"
EndProject
Project("{9A19103F-16F7-4668-BE54-9A1E7A4F7556}") = "2. Add Two Numbers", "2. Add Two Numbers\2. Add Two Numbers.csproj", "{CC6BFC5D-E057-4035-A097-D26682DCE78B}"
EndProject
Project("{9A19103F-16F7-4668-BE54-9A1E7A4F7556}") = "3. Longest Substring Without Repeating Characters", "3. Longest Substring Without Repeating Characters\3. Longest Substring Without Repeating Characters.csproj", "{9E2EA687-DF83-4392-9E13-88CB11E21390}"
EndProject
Project("{9A19103F-16F7-4668-BE54-9A1E7A4F7556}") = "6. Zigzag Conversion", "6. Zigzag Conversion\6. Zigzag Conversion.csproj", "{A5899A81-94D0-4E5F-AE7C-66EA19183F76}"
EndProject
Project("{9A19103F-16F7-4668-BE54-9A1E7A4F7556}") = "7. Reverse Integer", "7. Reverse Integer\7. Reverse Integer.csproj", "{27F8ABF5-C843-4E08-908C-8ACE5D9A2D76}"
EndProject
Project("{9A19103F-16F7-4668-BE54-9A1E7A4F7556}") = "8. String to Integer (atoi)", "8. String to Integer (atoi)\8. String to Integer (atoi).csproj", "{E4084811-92DE-4D05-B360-C6FF2AB9D5F6}"
EndProject
Project("{9A19103F-16F7-4668-BE54-9A1E7A4F7556}") = "4. Median of Two Sorted Arrays", "4. Median of Two Sorted Arrays\4. Median of Two Sorted Arrays.csproj", "{9A089F83-34FE-4E68-8DBA-440E2CBB5888}"
EndProject
Project("{9A19103F-16F7-4668-BE54-9A1E7A4F7556}") = "10. Regular Expression Matching", "10. Regular Expression Matching\10. Regular Expression Matching.csproj", "{18FC811D-2B90-4195-AA93-F919F6DCC901}"
EndProject
Project("{9A19103F-16F7-4668-BE54-9A1E7A4F7556}") = "5. Longest Palindromic Substring", "5. Longest Palindromic Substring\5. Longest Palindromic Substring.csproj", "{29AC3E79-BA06-4E2D-864D-16DDE2B38749}"
EndProject
Project("{9A19103F-16F7-4668-BE54-9A1E7A4F7556}") = "15. 3Sum", "15. 3Sum\15. 3Sum.csproj", "{77213A65-D8A9-4BF3-9772-71DFC1C63E41}"
EndProject
Project("{9A19103F-16F7-4668-BE54-9A1E7A4F7556}") = "11. Container With Most Water", "11. Container With Most Water\11. Container With Most Water.csproj", "{2DC6CECF-A147-4942-9D46-90C531A5D72F}"
EndProject
Project("{9A19103F-16F7-4668-BE54-9A1E7A4F7556}") = "17. Letter Combinations of a Phone Number", "17. Letter Combinations of a Phone Number\17. Letter Combinations of a Phone Number.csproj", "{60E65A2E-ABC7-46B3-954B-4482BE2263D9}"
EndProject
Project("{9A19103F-16F7-4668-BE54-9A1E7A4F7556}") = "16. 3Sum Closest", "16. 3Sum Closest\16. 3Sum Closest.csproj", "{7147C849-1A0D-4EE0-8482-02C952FC1B22}"
EndProject
Project("{9A19103F-16F7-4668-BE54-9A1E7A4F7556}") = "18. 4Sum", "18. 4Sum\18. 4Sum.csproj", "{32CEE211-EDB3-424B-9F18-87F82A757500}"
EndProject
Project("{9A19103F-16F7-4668-BE54-9A1E7A4F7556}") = "19. Remove Nth Node From End of List", "19. Remove Nth Node From End of List\19. Remove Nth Node From End of List.csproj", "{E3D9E450-8D34-4845-BA8D-8EF10A018D6F}"
EndProject
Project("{9A19103F-16F7-4668-BE54-9A1E7A4F7556}") = "22. Generate Parentheses", "22. Generate Parentheses\22. Generate Parentheses.csproj", "{9E1061D8-2299-4CBA-A7A9-3741574C5436}"
EndProject
Project("{9A19103F-16F7-4668-BE54-9A1E7A4F7556}") = "23. Merge k Sorted Lists", "23. Merge k Sorted Lists\23. Merge k Sorted Lists.csproj", "{47A8283C-FB88-46F1-AF66-5910B8D05C11}"
EndProject
Project("{9A19103F-16F7-4668-BE54-9A1E7A4F7556}") = "24. Swap Nodes in Pairs", "24. Swap Nodes in Pairs\24. Swap Nodes in Pairs.csproj", "{7794CDEC-8C1D-42AD-B42F-8DBF817D1905}"
EndProject
Project("{9A19103F-16F7-4668-BE54-9A1E7A4F7556}") = "25. Reverse Nodes in k-Group", "25. Reverse Nodes in k-Group\25. Reverse Nodes in k-Group.csproj", "{AB5F5921-EDA9-4DBA-9A39-DC49CB687E93}"
EndProject
Project("{9A19103F-16F7-4668-BE54-9A1E7A4F7556}") = "28. Find the Index of the First Occurrence in a String", "28. Find the Index of the First Occurrence in a String\28. Find the Index of the First Occurrence in a String.csproj", "{DC1941BD-1057-4E49-86F4-56AF13A77ACE}"
EndProject
Project("{9A19103F-16F7-4668-BE54-9A1E7A4F7556}") = "30. Substring with Concatenation of All Words", "30. Substring with Concatenation of All Words\30. Substring with Concatenation of All Words.csproj", "{86598983-503C-42C3-AE32-C651E0764AB3}"
EndProject
Project("{9A19103F-16F7-4668-BE54-9A1E7A4F7556}") = "31. Next Permutation", "31. Next Permutation\31. Next Permutation.csproj", "{9449A756-FEB8-4A5F-9F73-2DB4BE32673B}"
EndProject
Project("{9A19103F-16F7-4668-BE54-9A1E7A4F7556}") = "32. Longest Valid Parentheses", "32. Longest Valid Parentheses\32. Longest Valid Parentheses.csproj", "{F0C35DBD-F70F-450A-AD62-B0F609E91A5E}"
EndProject
Project("{9A19103F-16F7-4668-BE54-9A1E7A4F7556}") = "33. Search in Rotated Sorted Array", "33. Search in Rotated Sorted Array\33. Search in Rotated Sorted Array.csproj", "{3B3FFC9B-8470-4BC5-9B5E-762E02C0A644}"
EndProject
Project("{9A19103F-16F7-4668-BE54-9A1E7A4F7556}") = "34. Find First and Last Position of Element in Sorted Array", "34. Find First and Last Position of Element in Sorted Array\34. Find First and Last Position of Element in Sorted Array.csproj", "{78AB6EA1-BF6D-43A4-BE89-A66A0A13ECA8}"
EndProject
Project("{9A19103F-16F7-4668-BE54-9A1E7A4F7556}") = "36. Valid Sudoku", "36. Valid Sudoku\36. Valid Sudoku.csproj", "{1A9F9399-E4A6-40FB-AF15-1FA4FCB3FDEF}"
EndProject
Project("{FAE04EC0-301F-11D3-BF4B-00C04F79EFBC}") = "37. Sudoku Solver", "37. Sudoku Solver\37. Sudoku Solver.csproj", "{38E9852F-36D0-4CA6-B80E-14E149354811}"
EndProject
Project("{FAE04EC0-301F-11D3-BF4B-00C04F79EFBC}") = "38. Count and Say", "38. Count and Say\38. Count and Say.csproj", "{1ADB506F-3EF6-48D4-9F33-12DEBF2D992C}"
EndProject
Project("{FAE04EC0-301F-11D3-BF4B-00C04F79EFBC}") = "39. Combination Sum", "39. Combination Sum\39. Combination Sum.csproj", "{C432118B-427B-4619-AD5F-512485C35E5C}"
EndProject
Global
	GlobalSection(SolutionConfigurationPlatforms) = preSolution
		Debug|Any CPU = Debug|Any CPU
		Release|Any CPU = Release|Any CPU
	EndGlobalSection
	GlobalSection(ProjectConfigurationPlatforms) = postSolution
		{486FB441-DB91-49F2-AA33-04B3A1B6618F}.Debug|Any CPU.ActiveCfg = Debug|Any CPU
		{486FB441-DB91-49F2-AA33-04B3A1B6618F}.Debug|Any CPU.Build.0 = Debug|Any CPU
		{486FB441-DB91-49F2-AA33-04B3A1B6618F}.Release|Any CPU.ActiveCfg = Release|Any CPU
		{486FB441-DB91-49F2-AA33-04B3A1B6618F}.Release|Any CPU.Build.0 = Release|Any CPU
		{334EA95C-F7C9-47CA-BE28-2C0E3775ADB5}.Debug|Any CPU.ActiveCfg = Debug|Any CPU
		{334EA95C-F7C9-47CA-BE28-2C0E3775ADB5}.Debug|Any CPU.Build.0 = Debug|Any CPU
		{334EA95C-F7C9-47CA-BE28-2C0E3775ADB5}.Release|Any CPU.ActiveCfg = Release|Any CPU
		{334EA95C-F7C9-47CA-BE28-2C0E3775ADB5}.Release|Any CPU.Build.0 = Release|Any CPU
		{76A56513-9822-4F17-88FE-EB53692D610A}.Debug|Any CPU.ActiveCfg = Debug|Any CPU
		{76A56513-9822-4F17-88FE-EB53692D610A}.Debug|Any CPU.Build.0 = Debug|Any CPU
		{76A56513-9822-4F17-88FE-EB53692D610A}.Release|Any CPU.ActiveCfg = Release|Any CPU
		{76A56513-9822-4F17-88FE-EB53692D610A}.Release|Any CPU.Build.0 = Release|Any CPU
		{1FA94FC7-8611-44F3-B7B5-FB0011D606D1}.Debug|Any CPU.ActiveCfg = Debug|Any CPU
		{1FA94FC7-8611-44F3-B7B5-FB0011D606D1}.Debug|Any CPU.Build.0 = Debug|Any CPU
		{1FA94FC7-8611-44F3-B7B5-FB0011D606D1}.Release|Any CPU.ActiveCfg = Release|Any CPU
		{1FA94FC7-8611-44F3-B7B5-FB0011D606D1}.Release|Any CPU.Build.0 = Release|Any CPU
		{7B636015-0110-4233-8561-4A1086F6113F}.Debug|Any CPU.ActiveCfg = Debug|Any CPU
		{7B636015-0110-4233-8561-4A1086F6113F}.Debug|Any CPU.Build.0 = Debug|Any CPU
		{7B636015-0110-4233-8561-4A1086F6113F}.Release|Any CPU.ActiveCfg = Release|Any CPU
		{7B636015-0110-4233-8561-4A1086F6113F}.Release|Any CPU.Build.0 = Release|Any CPU
		{07CE324D-4649-487D-A080-ABC19655F4C9}.Debug|Any CPU.ActiveCfg = Debug|Any CPU
		{07CE324D-4649-487D-A080-ABC19655F4C9}.Debug|Any CPU.Build.0 = Debug|Any CPU
		{07CE324D-4649-487D-A080-ABC19655F4C9}.Release|Any CPU.ActiveCfg = Release|Any CPU
		{07CE324D-4649-487D-A080-ABC19655F4C9}.Release|Any CPU.Build.0 = Release|Any CPU
		{B6E99C65-E1B8-4575-9FA9-64D7636FFFEA}.Debug|Any CPU.ActiveCfg = Debug|Any CPU
		{B6E99C65-E1B8-4575-9FA9-64D7636FFFEA}.Debug|Any CPU.Build.0 = Debug|Any CPU
		{B6E99C65-E1B8-4575-9FA9-64D7636FFFEA}.Release|Any CPU.ActiveCfg = Release|Any CPU
		{B6E99C65-E1B8-4575-9FA9-64D7636FFFEA}.Release|Any CPU.Build.0 = Release|Any CPU
		{86890285-AD43-4257-8AA9-BB6EB87C1166}.Debug|Any CPU.ActiveCfg = Debug|Any CPU
		{86890285-AD43-4257-8AA9-BB6EB87C1166}.Debug|Any CPU.Build.0 = Debug|Any CPU
		{86890285-AD43-4257-8AA9-BB6EB87C1166}.Release|Any CPU.ActiveCfg = Release|Any CPU
		{86890285-AD43-4257-8AA9-BB6EB87C1166}.Release|Any CPU.Build.0 = Release|Any CPU
		{F9FA7E29-C937-4EFB-8ACF-AB24E1E16D81}.Debug|Any CPU.ActiveCfg = Debug|Any CPU
		{F9FA7E29-C937-4EFB-8ACF-AB24E1E16D81}.Debug|Any CPU.Build.0 = Debug|Any CPU
		{F9FA7E29-C937-4EFB-8ACF-AB24E1E16D81}.Release|Any CPU.ActiveCfg = Release|Any CPU
		{F9FA7E29-C937-4EFB-8ACF-AB24E1E16D81}.Release|Any CPU.Build.0 = Release|Any CPU
		{1DB09E77-BC1A-410F-88CA-2D1DF0AA81C8}.Debug|Any CPU.ActiveCfg = Debug|Any CPU
		{1DB09E77-BC1A-410F-88CA-2D1DF0AA81C8}.Debug|Any CPU.Build.0 = Debug|Any CPU
		{1DB09E77-BC1A-410F-88CA-2D1DF0AA81C8}.Release|Any CPU.ActiveCfg = Release|Any CPU
		{1DB09E77-BC1A-410F-88CA-2D1DF0AA81C8}.Release|Any CPU.Build.0 = Release|Any CPU
		{4BE1F6BD-5011-4C45-9D72-11067A0B7909}.Debug|Any CPU.ActiveCfg = Debug|Any CPU
		{4BE1F6BD-5011-4C45-9D72-11067A0B7909}.Debug|Any CPU.Build.0 = Debug|Any CPU
		{4BE1F6BD-5011-4C45-9D72-11067A0B7909}.Release|Any CPU.ActiveCfg = Release|Any CPU
		{4BE1F6BD-5011-4C45-9D72-11067A0B7909}.Release|Any CPU.Build.0 = Release|Any CPU
		{92A8059D-C77A-4A1E-BBEF-9EDE2CA6F260}.Debug|Any CPU.ActiveCfg = Debug|Any CPU
		{92A8059D-C77A-4A1E-BBEF-9EDE2CA6F260}.Debug|Any CPU.Build.0 = Debug|Any CPU
		{92A8059D-C77A-4A1E-BBEF-9EDE2CA6F260}.Release|Any CPU.ActiveCfg = Release|Any CPU
		{92A8059D-C77A-4A1E-BBEF-9EDE2CA6F260}.Release|Any CPU.Build.0 = Release|Any CPU
		{06B2767C-A0E7-4BD2-8B9C-943F7F68814F}.Debug|Any CPU.ActiveCfg = Debug|Any CPU
		{06B2767C-A0E7-4BD2-8B9C-943F7F68814F}.Debug|Any CPU.Build.0 = Debug|Any CPU
		{06B2767C-A0E7-4BD2-8B9C-943F7F68814F}.Release|Any CPU.ActiveCfg = Release|Any CPU
		{06B2767C-A0E7-4BD2-8B9C-943F7F68814F}.Release|Any CPU.Build.0 = Release|Any CPU
		{04228242-9699-4FF8-A224-FEE946946FA8}.Debug|Any CPU.ActiveCfg = Debug|Any CPU
		{04228242-9699-4FF8-A224-FEE946946FA8}.Debug|Any CPU.Build.0 = Debug|Any CPU
		{04228242-9699-4FF8-A224-FEE946946FA8}.Release|Any CPU.ActiveCfg = Release|Any CPU
		{04228242-9699-4FF8-A224-FEE946946FA8}.Release|Any CPU.Build.0 = Release|Any CPU
		{15ECBC52-6498-432C-9BD0-DFA90B7C2FF8}.Debug|Any CPU.ActiveCfg = Debug|Any CPU
		{15ECBC52-6498-432C-9BD0-DFA90B7C2FF8}.Debug|Any CPU.Build.0 = Debug|Any CPU
		{15ECBC52-6498-432C-9BD0-DFA90B7C2FF8}.Release|Any CPU.ActiveCfg = Release|Any CPU
		{15ECBC52-6498-432C-9BD0-DFA90B7C2FF8}.Release|Any CPU.Build.0 = Release|Any CPU
		{9D7BC65F-CFF7-4D60-B25B-94C0B43CFAC7}.Debug|Any CPU.ActiveCfg = Debug|Any CPU
		{9D7BC65F-CFF7-4D60-B25B-94C0B43CFAC7}.Debug|Any CPU.Build.0 = Debug|Any CPU
		{9D7BC65F-CFF7-4D60-B25B-94C0B43CFAC7}.Release|Any CPU.ActiveCfg = Release|Any CPU
		{9D7BC65F-CFF7-4D60-B25B-94C0B43CFAC7}.Release|Any CPU.Build.0 = Release|Any CPU
		{DCF6566A-B906-44DF-9632-71591DF5F88E}.Debug|Any CPU.ActiveCfg = Debug|Any CPU
		{DCF6566A-B906-44DF-9632-71591DF5F88E}.Debug|Any CPU.Build.0 = Debug|Any CPU
		{DCF6566A-B906-44DF-9632-71591DF5F88E}.Release|Any CPU.ActiveCfg = Release|Any CPU
		{DCF6566A-B906-44DF-9632-71591DF5F88E}.Release|Any CPU.Build.0 = Release|Any CPU
		{DCCF5295-BC65-4AE9-8C24-9184C5C9114F}.Debug|Any CPU.ActiveCfg = Debug|Any CPU
		{DCCF5295-BC65-4AE9-8C24-9184C5C9114F}.Debug|Any CPU.Build.0 = Debug|Any CPU
		{DCCF5295-BC65-4AE9-8C24-9184C5C9114F}.Release|Any CPU.ActiveCfg = Release|Any CPU
		{DCCF5295-BC65-4AE9-8C24-9184C5C9114F}.Release|Any CPU.Build.0 = Release|Any CPU
		{CC6BFC5D-E057-4035-A097-D26682DCE78B}.Debug|Any CPU.ActiveCfg = Debug|Any CPU
		{CC6BFC5D-E057-4035-A097-D26682DCE78B}.Debug|Any CPU.Build.0 = Debug|Any CPU
		{CC6BFC5D-E057-4035-A097-D26682DCE78B}.Release|Any CPU.ActiveCfg = Release|Any CPU
		{CC6BFC5D-E057-4035-A097-D26682DCE78B}.Release|Any CPU.Build.0 = Release|Any CPU
		{9E2EA687-DF83-4392-9E13-88CB11E21390}.Debug|Any CPU.ActiveCfg = Debug|Any CPU
		{9E2EA687-DF83-4392-9E13-88CB11E21390}.Debug|Any CPU.Build.0 = Debug|Any CPU
		{9E2EA687-DF83-4392-9E13-88CB11E21390}.Release|Any CPU.ActiveCfg = Release|Any CPU
		{9E2EA687-DF83-4392-9E13-88CB11E21390}.Release|Any CPU.Build.0 = Release|Any CPU
		{A5899A81-94D0-4E5F-AE7C-66EA19183F76}.Debug|Any CPU.ActiveCfg = Debug|Any CPU
		{A5899A81-94D0-4E5F-AE7C-66EA19183F76}.Debug|Any CPU.Build.0 = Debug|Any CPU
		{A5899A81-94D0-4E5F-AE7C-66EA19183F76}.Release|Any CPU.ActiveCfg = Release|Any CPU
		{A5899A81-94D0-4E5F-AE7C-66EA19183F76}.Release|Any CPU.Build.0 = Release|Any CPU
		{27F8ABF5-C843-4E08-908C-8ACE5D9A2D76}.Debug|Any CPU.ActiveCfg = Debug|Any CPU
		{27F8ABF5-C843-4E08-908C-8ACE5D9A2D76}.Debug|Any CPU.Build.0 = Debug|Any CPU
		{27F8ABF5-C843-4E08-908C-8ACE5D9A2D76}.Release|Any CPU.ActiveCfg = Release|Any CPU
		{27F8ABF5-C843-4E08-908C-8ACE5D9A2D76}.Release|Any CPU.Build.0 = Release|Any CPU
		{E4084811-92DE-4D05-B360-C6FF2AB9D5F6}.Debug|Any CPU.ActiveCfg = Debug|Any CPU
		{E4084811-92DE-4D05-B360-C6FF2AB9D5F6}.Debug|Any CPU.Build.0 = Debug|Any CPU
		{E4084811-92DE-4D05-B360-C6FF2AB9D5F6}.Release|Any CPU.ActiveCfg = Release|Any CPU
		{E4084811-92DE-4D05-B360-C6FF2AB9D5F6}.Release|Any CPU.Build.0 = Release|Any CPU
		{9A089F83-34FE-4E68-8DBA-440E2CBB5888}.Debug|Any CPU.ActiveCfg = Debug|Any CPU
		{9A089F83-34FE-4E68-8DBA-440E2CBB5888}.Debug|Any CPU.Build.0 = Debug|Any CPU
		{9A089F83-34FE-4E68-8DBA-440E2CBB5888}.Release|Any CPU.ActiveCfg = Release|Any CPU
		{9A089F83-34FE-4E68-8DBA-440E2CBB5888}.Release|Any CPU.Build.0 = Release|Any CPU
		{18FC811D-2B90-4195-AA93-F919F6DCC901}.Debug|Any CPU.ActiveCfg = Debug|Any CPU
		{18FC811D-2B90-4195-AA93-F919F6DCC901}.Debug|Any CPU.Build.0 = Debug|Any CPU
		{18FC811D-2B90-4195-AA93-F919F6DCC901}.Release|Any CPU.ActiveCfg = Release|Any CPU
		{18FC811D-2B90-4195-AA93-F919F6DCC901}.Release|Any CPU.Build.0 = Release|Any CPU
		{29AC3E79-BA06-4E2D-864D-16DDE2B38749}.Debug|Any CPU.ActiveCfg = Debug|Any CPU
		{29AC3E79-BA06-4E2D-864D-16DDE2B38749}.Debug|Any CPU.Build.0 = Debug|Any CPU
		{29AC3E79-BA06-4E2D-864D-16DDE2B38749}.Release|Any CPU.ActiveCfg = Release|Any CPU
		{29AC3E79-BA06-4E2D-864D-16DDE2B38749}.Release|Any CPU.Build.0 = Release|Any CPU
		{77213A65-D8A9-4BF3-9772-71DFC1C63E41}.Debug|Any CPU.ActiveCfg = Debug|Any CPU
		{77213A65-D8A9-4BF3-9772-71DFC1C63E41}.Debug|Any CPU.Build.0 = Debug|Any CPU
		{77213A65-D8A9-4BF3-9772-71DFC1C63E41}.Release|Any CPU.ActiveCfg = Release|Any CPU
		{77213A65-D8A9-4BF3-9772-71DFC1C63E41}.Release|Any CPU.Build.0 = Release|Any CPU
		{2DC6CECF-A147-4942-9D46-90C531A5D72F}.Debug|Any CPU.ActiveCfg = Debug|Any CPU
		{2DC6CECF-A147-4942-9D46-90C531A5D72F}.Debug|Any CPU.Build.0 = Debug|Any CPU
		{2DC6CECF-A147-4942-9D46-90C531A5D72F}.Release|Any CPU.ActiveCfg = Release|Any CPU
		{2DC6CECF-A147-4942-9D46-90C531A5D72F}.Release|Any CPU.Build.0 = Release|Any CPU
		{60E65A2E-ABC7-46B3-954B-4482BE2263D9}.Debug|Any CPU.ActiveCfg = Debug|Any CPU
		{60E65A2E-ABC7-46B3-954B-4482BE2263D9}.Debug|Any CPU.Build.0 = Debug|Any CPU
		{60E65A2E-ABC7-46B3-954B-4482BE2263D9}.Release|Any CPU.ActiveCfg = Release|Any CPU
		{60E65A2E-ABC7-46B3-954B-4482BE2263D9}.Release|Any CPU.Build.0 = Release|Any CPU
		{7147C849-1A0D-4EE0-8482-02C952FC1B22}.Debug|Any CPU.ActiveCfg = Debug|Any CPU
		{7147C849-1A0D-4EE0-8482-02C952FC1B22}.Debug|Any CPU.Build.0 = Debug|Any CPU
		{7147C849-1A0D-4EE0-8482-02C952FC1B22}.Release|Any CPU.ActiveCfg = Release|Any CPU
		{7147C849-1A0D-4EE0-8482-02C952FC1B22}.Release|Any CPU.Build.0 = Release|Any CPU
		{32CEE211-EDB3-424B-9F18-87F82A757500}.Debug|Any CPU.ActiveCfg = Debug|Any CPU
		{32CEE211-EDB3-424B-9F18-87F82A757500}.Debug|Any CPU.Build.0 = Debug|Any CPU
		{32CEE211-EDB3-424B-9F18-87F82A757500}.Release|Any CPU.ActiveCfg = Release|Any CPU
		{32CEE211-EDB3-424B-9F18-87F82A757500}.Release|Any CPU.Build.0 = Release|Any CPU
		{E3D9E450-8D34-4845-BA8D-8EF10A018D6F}.Debug|Any CPU.ActiveCfg = Debug|Any CPU
		{E3D9E450-8D34-4845-BA8D-8EF10A018D6F}.Debug|Any CPU.Build.0 = Debug|Any CPU
		{E3D9E450-8D34-4845-BA8D-8EF10A018D6F}.Release|Any CPU.ActiveCfg = Release|Any CPU
		{E3D9E450-8D34-4845-BA8D-8EF10A018D6F}.Release|Any CPU.Build.0 = Release|Any CPU
		{9E1061D8-2299-4CBA-A7A9-3741574C5436}.Debug|Any CPU.ActiveCfg = Debug|Any CPU
		{9E1061D8-2299-4CBA-A7A9-3741574C5436}.Debug|Any CPU.Build.0 = Debug|Any CPU
		{9E1061D8-2299-4CBA-A7A9-3741574C5436}.Release|Any CPU.ActiveCfg = Release|Any CPU
		{9E1061D8-2299-4CBA-A7A9-3741574C5436}.Release|Any CPU.Build.0 = Release|Any CPU
		{47A8283C-FB88-46F1-AF66-5910B8D05C11}.Debug|Any CPU.ActiveCfg = Debug|Any CPU
		{47A8283C-FB88-46F1-AF66-5910B8D05C11}.Debug|Any CPU.Build.0 = Debug|Any CPU
		{47A8283C-FB88-46F1-AF66-5910B8D05C11}.Release|Any CPU.ActiveCfg = Release|Any CPU
		{47A8283C-FB88-46F1-AF66-5910B8D05C11}.Release|Any CPU.Build.0 = Release|Any CPU
		{7794CDEC-8C1D-42AD-B42F-8DBF817D1905}.Debug|Any CPU.ActiveCfg = Debug|Any CPU
		{7794CDEC-8C1D-42AD-B42F-8DBF817D1905}.Debug|Any CPU.Build.0 = Debug|Any CPU
		{7794CDEC-8C1D-42AD-B42F-8DBF817D1905}.Release|Any CPU.ActiveCfg = Release|Any CPU
		{7794CDEC-8C1D-42AD-B42F-8DBF817D1905}.Release|Any CPU.Build.0 = Release|Any CPU
		{AB5F5921-EDA9-4DBA-9A39-DC49CB687E93}.Debug|Any CPU.ActiveCfg = Debug|Any CPU
		{AB5F5921-EDA9-4DBA-9A39-DC49CB687E93}.Debug|Any CPU.Build.0 = Debug|Any CPU
		{AB5F5921-EDA9-4DBA-9A39-DC49CB687E93}.Release|Any CPU.ActiveCfg = Release|Any CPU
		{AB5F5921-EDA9-4DBA-9A39-DC49CB687E93}.Release|Any CPU.Build.0 = Release|Any CPU
		{DC1941BD-1057-4E49-86F4-56AF13A77ACE}.Debug|Any CPU.ActiveCfg = Debug|Any CPU
		{DC1941BD-1057-4E49-86F4-56AF13A77ACE}.Debug|Any CPU.Build.0 = Debug|Any CPU
		{DC1941BD-1057-4E49-86F4-56AF13A77ACE}.Release|Any CPU.ActiveCfg = Release|Any CPU
		{DC1941BD-1057-4E49-86F4-56AF13A77ACE}.Release|Any CPU.Build.0 = Release|Any CPU
		{86598983-503C-42C3-AE32-C651E0764AB3}.Debug|Any CPU.ActiveCfg = Debug|Any CPU
		{86598983-503C-42C3-AE32-C651E0764AB3}.Debug|Any CPU.Build.0 = Debug|Any CPU
		{86598983-503C-42C3-AE32-C651E0764AB3}.Release|Any CPU.ActiveCfg = Release|Any CPU
		{86598983-503C-42C3-AE32-C651E0764AB3}.Release|Any CPU.Build.0 = Release|Any CPU
		{9449A756-FEB8-4A5F-9F73-2DB4BE32673B}.Debug|Any CPU.ActiveCfg = Debug|Any CPU
		{9449A756-FEB8-4A5F-9F73-2DB4BE32673B}.Debug|Any CPU.Build.0 = Debug|Any CPU
		{9449A756-FEB8-4A5F-9F73-2DB4BE32673B}.Release|Any CPU.ActiveCfg = Release|Any CPU
		{9449A756-FEB8-4A5F-9F73-2DB4BE32673B}.Release|Any CPU.Build.0 = Release|Any CPU
		{F0C35DBD-F70F-450A-AD62-B0F609E91A5E}.Debug|Any CPU.ActiveCfg = Debug|Any CPU
		{F0C35DBD-F70F-450A-AD62-B0F609E91A5E}.Debug|Any CPU.Build.0 = Debug|Any CPU
		{F0C35DBD-F70F-450A-AD62-B0F609E91A5E}.Release|Any CPU.ActiveCfg = Release|Any CPU
		{F0C35DBD-F70F-450A-AD62-B0F609E91A5E}.Release|Any CPU.Build.0 = Release|Any CPU
		{3B3FFC9B-8470-4BC5-9B5E-762E02C0A644}.Debug|Any CPU.ActiveCfg = Debug|Any CPU
		{3B3FFC9B-8470-4BC5-9B5E-762E02C0A644}.Debug|Any CPU.Build.0 = Debug|Any CPU
		{3B3FFC9B-8470-4BC5-9B5E-762E02C0A644}.Release|Any CPU.ActiveCfg = Release|Any CPU
		{3B3FFC9B-8470-4BC5-9B5E-762E02C0A644}.Release|Any CPU.Build.0 = Release|Any CPU
		{78AB6EA1-BF6D-43A4-BE89-A66A0A13ECA8}.Debug|Any CPU.ActiveCfg = Debug|Any CPU
		{78AB6EA1-BF6D-43A4-BE89-A66A0A13ECA8}.Debug|Any CPU.Build.0 = Debug|Any CPU
		{78AB6EA1-BF6D-43A4-BE89-A66A0A13ECA8}.Release|Any CPU.ActiveCfg = Release|Any CPU
		{78AB6EA1-BF6D-43A4-BE89-A66A0A13ECA8}.Release|Any CPU.Build.0 = Release|Any CPU
		{1A9F9399-E4A6-40FB-AF15-1FA4FCB3FDEF}.Debug|Any CPU.ActiveCfg = Debug|Any CPU
		{1A9F9399-E4A6-40FB-AF15-1FA4FCB3FDEF}.Debug|Any CPU.Build.0 = Debug|Any CPU
		{1A9F9399-E4A6-40FB-AF15-1FA4FCB3FDEF}.Release|Any CPU.ActiveCfg = Release|Any CPU
		{1A9F9399-E4A6-40FB-AF15-1FA4FCB3FDEF}.Release|Any CPU.Build.0 = Release|Any CPU
		{38E9852F-36D0-4CA6-B80E-14E149354811}.Debug|Any CPU.ActiveCfg = Debug|Any CPU
		{38E9852F-36D0-4CA6-B80E-14E149354811}.Debug|Any CPU.Build.0 = Debug|Any CPU
		{38E9852F-36D0-4CA6-B80E-14E149354811}.Release|Any CPU.ActiveCfg = Release|Any CPU
		{38E9852F-36D0-4CA6-B80E-14E149354811}.Release|Any CPU.Build.0 = Release|Any CPU
		{1ADB506F-3EF6-48D4-9F33-12DEBF2D992C}.Debug|Any CPU.ActiveCfg = Debug|Any CPU
		{1ADB506F-3EF6-48D4-9F33-12DEBF2D992C}.Debug|Any CPU.Build.0 = Debug|Any CPU
		{1ADB506F-3EF6-48D4-9F33-12DEBF2D992C}.Release|Any CPU.ActiveCfg = Release|Any CPU
		{1ADB506F-3EF6-48D4-9F33-12DEBF2D992C}.Release|Any CPU.Build.0 = Release|Any CPU
		{C432118B-427B-4619-AD5F-512485C35E5C}.Debug|Any CPU.ActiveCfg = Debug|Any CPU
		{C432118B-427B-4619-AD5F-512485C35E5C}.Debug|Any CPU.Build.0 = Debug|Any CPU
		{C432118B-427B-4619-AD5F-512485C35E5C}.Release|Any CPU.ActiveCfg = Release|Any CPU
		{C432118B-427B-4619-AD5F-512485C35E5C}.Release|Any CPU.Build.0 = Release|Any CPU
	EndGlobalSection
	GlobalSection(SolutionProperties) = preSolution
		HideSolutionNode = FALSE
	EndGlobalSection
	GlobalSection(ExtensibilityGlobals) = postSolution
		SolutionGuid = {86D69043-5234-4D37-BAE5-FCC3E29C29D8}
	EndGlobalSection
EndGlobal
